{
  "name": "kryolite-ts",
  "lockfileVersion": 2,
  "requires": true,
  "packages": {
    "": {
      "dependencies": {
        "@dwlib/base58-encoding": "^1.0.0",
        "@noble/ed25519": "^1.7.3",
        "base58": "^2.0.1",
        "crypto-js": "^4.1.1"
      }
    },
    "node_modules/@dwlib/abstract": {
      "version": "1.0.9",
      "resolved": "https://registry.npmjs.org/@dwlib/abstract/-/abstract-1.0.9.tgz",
      "integrity": "sha512-D8Vn6FUg8JYzbVQ3nKjrcbHww5haZi2RlqkGNWdV6R7gTtkXPL3RKF8opTAZlfDxh7AJhnzHw1cIpMBdFsOoAw==",
      "dependencies": {
        "@dwlib/intrinsics": "^1.0.3",
        "@dwlib/primordials": "^1.0.4",
        "@dwlib/types": "^1.0.1"
      }
    },
    "node_modules/@dwlib/base58-encoding": {
      "version": "1.0.0",
      "resolved": "https://registry.npmjs.org/@dwlib/base58-encoding/-/base58-encoding-1.0.0.tgz",
      "integrity": "sha512-mgw3My9wD6DMdyNwmXPT3rpjpkBAndQl/Hk2qm976AaOzhfKPMdBbuPEeX2MUIDdZX86MqcSOZlcRAhah5+lbQ==",
      "dependencies": {
        "@dwlib/abstract": "^1.0.2",
        "@dwlib/internal-slots": "^1.0.0",
        "@dwlib/primordials": "^1.0.1",
        "@dwlib/utf8": "^1.0.3"
      }
    },
    "node_modules/@dwlib/global": {
      "version": "1.0.0",
      "resolved": "https://registry.npmjs.org/@dwlib/global/-/global-1.0.0.tgz",
      "integrity": "sha512-cZHy9aiGqXEn8IdR3QxIY55+4pn3qH7x1wpr+IVQKY2Sjhhzq00UZM/I4FM1xZ6cm/Nt0XXRkrpUEayRygdoCQ=="
    },
    "node_modules/@dwlib/internal-slots": {
      "version": "1.0.4",
      "resolved": "https://registry.npmjs.org/@dwlib/internal-slots/-/internal-slots-1.0.4.tgz",
      "integrity": "sha512-SiwlSArFY+3TG9tiseNlDjEtZFw2+QcRmTkiNUWk8YQ3XussIDXlbA4pFMLci7bPBKZdwRhZS1fwFpV1YbX6zA==",
      "dependencies": {
        "@dwlib/abstract": "^1.0.8",
        "@dwlib/intrinsics": "^1.0.4",
        "@dwlib/primordials": "^1.0.4"
      }
    },
    "node_modules/@dwlib/intrinsics": {
      "version": "1.0.4",
      "resolved": "https://registry.npmjs.org/@dwlib/intrinsics/-/intrinsics-1.0.4.tgz",
      "integrity": "sha512-/fNR3gyAIyMMKdKQYmQTHsXotqoL14KG4L1rNuaouJ7YwP+uhL2K0Ioj+NnLgrUwPHJMFG0FdwkTP0inF3y1vw==",
      "dependencies": {
        "@dwlib/global": "^1.0.0"
      }
    },
    "node_modules/@dwlib/primordials": {
      "version": "1.0.4",
      "resolved": "https://registry.npmjs.org/@dwlib/primordials/-/primordials-1.0.4.tgz",
      "integrity": "sha512-Pv38WjNUaWCLHZmjTct4GoD3dyfbyu68p3gi+QoQQ8k75v6BIdaJb54JcNsKekRJEw+jzZvIIbtguRptyihCfQ==",
      "dependencies": {
        "@dwlib/intrinsics": "^1.0.2"
      }
    },
    "node_modules/@dwlib/types": {
      "version": "1.0.1",
      "resolved": "https://registry.npmjs.org/@dwlib/types/-/types-1.0.1.tgz",
      "integrity": "sha512-FffSojkFr9J1QQCZDEdH66LRDssoWr/LoD3JvzRG5bMHr0C9Wm1O6FNAWqsa4uiKWD/08jv7D1y+Y84Hi1uNSA==",
      "dependencies": {
        "@dwlib/intrinsics": "^1.0.2",
        "@dwlib/primordials": "^1.0.3"
      }
    },
    "node_modules/@dwlib/utf8": {
      "version": "1.0.5",
      "resolved": "https://registry.npmjs.org/@dwlib/utf8/-/utf8-1.0.5.tgz",
      "integrity": "sha512-vE1OZqB8EPXlog5v8TWRb8pLlz2FZXGQDSF1tvgQgFseMDnP2T3H7NfnrYjrK3i+ecEQKa3ZFeBS7zE/PTGE1A==",
      "dependencies": {
        "@dwlib/abstract": "^1.0.7",
        "@dwlib/intrinsics": "^1.0.3",
        "@dwlib/primordials": "^1.0.3",
        "@dwlib/types": "^1.0.1"
      }
    },
    "node_modules/@noble/ed25519": {
      "version": "1.7.3",
      "resolved": "https://registry.npmjs.org/@noble/ed25519/-/ed25519-1.7.3.tgz",
      "integrity": "sha512-iR8GBkDt0Q3GyaVcIu7mSsVIqnFbkbRzGLWlvhwunacoLwt4J3swfKhfaM6rN6WY+TBGoYT1GtT1mIh2/jGbRQ==",
      "funding": [
        {
          "type": "individual",
          "url": "https://paulmillr.com/funding/"
        }
      ]
    },
    "node_modules/base58": {
      "version": "2.0.1",
      "resolved": "https://registry.npmjs.org/base58/-/base58-2.0.1.tgz",
      "integrity": "sha512-qK6gt2fMSxN2xGOi+btI5oAnXL+vEq0AsHWHhf5jfm2hE6MwmW+2414qF96utV3Xfg3En8hEA9Q4lif4lbXcgw==",
      "engines": {
        "node": ">= 6"
      }
    },
    "node_modules/crypto-js": {
      "version": "4.1.1",
      "resolved": "https://registry.npmjs.org/crypto-js/-/crypto-js-4.1.1.tgz",
      "integrity": "sha512-o2JlM7ydqd3Qk9CA0L4NL6mTzU2sdx96a+oOfPu8Mkl/PK51vSyoi8/rQ8NknZtk44vq15lmhAj9CIAGwgeWKw=="
    }
  },
  "dependencies": {
    "@dwlib/abstract": {
      "version": "1.0.9",
      "resolved": "https://registry.npmjs.org/@dwlib/abstract/-/abstract-1.0.9.tgz",
      "integrity": "sha512-D8Vn6FUg8JYzbVQ3nKjrcbHww5haZi2RlqkGNWdV6R7gTtkXPL3RKF8opTAZlfDxh7AJhnzHw1cIpMBdFsOoAw==",
      "requires": {
        "@dwlib/intrinsics": "^1.0.3",
        "@dwlib/primordials": "^1.0.4",
        "@dwlib/types": "^1.0.1"
      }
    },
    "@dwlib/base58-encoding": {
      "version": "1.0.0",
      "resolved": "https://registry.npmjs.org/@dwlib/base58-encoding/-/base58-encoding-1.0.0.tgz",
      "integrity": "sha512-mgw3My9wD6DMdyNwmXPT3rpjpkBAndQl/Hk2qm976AaOzhfKPMdBbuPEeX2MUIDdZX86MqcSOZlcRAhah5+lbQ==",
      "requires": {
        "@dwlib/abstract": "^1.0.2",
        "@dwlib/internal-slots": "^1.0.0",
        "@dwlib/primordials": "^1.0.1",
        "@dwlib/utf8": "^1.0.3"
      }
    },
    "@dwlib/global": {
      "version": "1.0.0",
      "resolved": "https://registry.npmjs.org/@dwlib/global/-/global-1.0.0.tgz",
      "integrity": "sha512-cZHy9aiGqXEn8IdR3QxIY55+4pn3qH7x1wpr+IVQKY2Sjhhzq00UZM/I4FM1xZ6cm/Nt0XXRkrpUEayRygdoCQ=="
    },
    "@dwlib/internal-slots": {
      "version": "1.0.4",
      "resolved": "https://registry.npmjs.org/@dwlib/internal-slots/-/internal-slots-1.0.4.tgz",
      "integrity": "sha512-SiwlSArFY+3TG9tiseNlDjEtZFw2+QcRmTkiNUWk8YQ3XussIDXlbA4pFMLci7bPBKZdwRhZS1fwFpV1YbX6zA==",
      "requires": {
        "@dwlib/abstract": "^1.0.8",
        "@dwlib/intrinsics": "^1.0.4",
        "@dwlib/primordials": "^1.0.4"
      }
    },
    "@dwlib/intrinsics": {
      "version": "1.0.4",
      "resolved": "https://registry.npmjs.org/@dwlib/intrinsics/-/intrinsics-1.0.4.tgz",
      "integrity": "sha512-/fNR3gyAIyMMKdKQYmQTHsXotqoL14KG4L1rNuaouJ7YwP+uhL2K0Ioj+NnLgrUwPHJMFG0FdwkTP0inF3y1vw==",
      "requires": {
        "@dwlib/global": "^1.0.0"
      }
    },
    "@dwlib/primordials": {
      "version": "1.0.4",
      "resolved": "https://registry.npmjs.org/@dwlib/primordials/-/primordials-1.0.4.tgz",
      "integrity": "sha512-Pv38WjNUaWCLHZmjTct4GoD3dyfbyu68p3gi+QoQQ8k75v6BIdaJb54JcNsKekRJEw+jzZvIIbtguRptyihCfQ==",
      "requires": {
        "@dwlib/intrinsics": "^1.0.2"
      }
    },
    "@dwlib/types": {
      "version": "1.0.1",
      "resolved": "https://registry.npmjs.org/@dwlib/types/-/types-1.0.1.tgz",
      "integrity": "sha512-FffSojkFr9J1QQCZDEdH66LRDssoWr/LoD3JvzRG5bMHr0C9Wm1O6FNAWqsa4uiKWD/08jv7D1y+Y84Hi1uNSA==",
      "requires": {
        "@dwlib/intrinsics": "^1.0.2",
        "@dwlib/primordials": "^1.0.3"
      }
    },
    "@dwlib/utf8": {
      "version": "1.0.5",
      "resolved": "https://registry.npmjs.org/@dwlib/utf8/-/utf8-1.0.5.tgz",
      "integrity": "sha512-vE1OZqB8EPXlog5v8TWRb8pLlz2FZXGQDSF1tvgQgFseMDnP2T3H7NfnrYjrK3i+ecEQKa3ZFeBS7zE/PTGE1A==",
      "requires": {
        "@dwlib/abstract": "^1.0.7",
        "@dwlib/intrinsics": "^1.0.3",
        "@dwlib/primordials": "^1.0.3",
        "@dwlib/types": "^1.0.1"
      }
    },
    "@noble/ed25519": {
      "version": "1.7.3",
      "resolved": "https://registry.npmjs.org/@noble/ed25519/-/ed25519-1.7.3.tgz",
      "integrity": "sha512-iR8GBkDt0Q3GyaVcIu7mSsVIqnFbkbRzGLWlvhwunacoLwt4J3swfKhfaM6rN6WY+TBGoYT1GtT1mIh2/jGbRQ=="
    },
    "base58": {
      "version": "2.0.1",
      "resolved": "https://registry.npmjs.org/base58/-/base58-2.0.1.tgz",
      "integrity": "sha512-qK6gt2fMSxN2xGOi+btI5oAnXL+vEq0AsHWHhf5jfm2hE6MwmW+2414qF96utV3Xfg3En8hEA9Q4lif4lbXcgw=="
    },
    "crypto-js": {
      "version": "4.1.1",
      "resolved": "https://registry.npmjs.org/crypto-js/-/crypto-js-4.1.1.tgz",
      "integrity": "sha512-o2JlM7ydqd3Qk9CA0L4NL6mTzU2sdx96a+oOfPu8Mkl/PK51vSyoi8/rQ8NknZtk44vq15lmhAj9CIAGwgeWKw=="
    }
  }
}
